
Microsoft Visual Studio Solution File, Format Version 12.00
# Visual Studio Version 17
VisualStudioVersion = 17.6.33829.357
MinimumVisualStudioVersion = 10.0.40219.1
Project("{FAE04EC0-301F-11D3-BF4B-00C04F79EFBC}") = "ChatAPI", "ChatAPI\ChatAPI.csproj", "{572687F7-0EB6-4669-ACBE-0A1C6D2B8D36}"
EndProject
Global
	GlobalSection(SolutionConfigurationPlatforms) = preSolution
		Debug|Any CPU = Debug|Any CPU
		Release|Any CPU = Release|Any CPU
	EndGlobalSection
	GlobalSection(ProjectConfigurationPlatforms) = postSolution
		{572687F7-0EB6-4669-ACBE-0A1C6D2B8D36}.Debug|Any CPU.ActiveCfg = Debug|Any CPU
		{572687F7-0EB6-4669-ACBE-0A1C6D2B8D36}.Debug|Any CPU.Build.0 = Debug|Any CPU
		{572687F7-0EB6-4669-ACBE-0A1C6D2B8D36}.Release|Any CPU.ActiveCfg = Release|Any CPU
		{572687F7-0EB6-4669-ACBE-0A1C6D2B8D36}.Release|Any CPU.Build.0 = Release|Any CPU
	EndGlobalSection
	GlobalSection(SolutionProperties) = preSolution
		HideSolutionNode = FALSE
	EndGlobalSection
	GlobalSection(ExtensibilityGlobals) = postSolution
		SolutionGuid = {CB13A6AD-5D9F-45AD-A8E4-627B3E62D10F}
	EndGlobalSection
EndGlobal
